
Microsoft Visual Studio Solution File, Format Version 12.00
# Visual Studio Version 16
VisualStudioVersion = 16.0.29911.84
MinimumVisualStudioVersion = 10.0.40219.1
Project("{2150E333-8FDC-42A3-9474-1A3956D46DE8}") = "Application", "Application", "{48E018EC-0FC6-439B-A23A-8474797A96D8}"
EndProject
Project("{2150E333-8FDC-42A3-9474-1A3956D46DE8}") = "Data", "Data", "{A540FAE2-C3D2-427A-8856-F43C960E9807}"
EndProject
Project("{2150E333-8FDC-42A3-9474-1A3956D46DE8}") = "Domain", "Domain", "{24B087B3-D972-4AEB-90FB-AB8D3C681734}"
EndProject
Project("{2150E333-8FDC-42A3-9474-1A3956D46DE8}") = "Infra.IoC", "Infra.IoC", "{648413F2-2449-4AA2-856B-DE3D47E57401}"
EndProject
Project("{2150E333-8FDC-42A3-9474-1A3956D46DE8}") = "Presentation", "Presentation", "{CFAA758A-1F2E-41D9-88FC-1A0396A5D76D}"
EndProject
Project("{FAE04EC0-301F-11D3-BF4B-00C04F79EFBC}") = "ProductReview.Application", "ProductReview.Application\ProductReview.Application.csproj", "{0F4EF6CA-9470-4226-9721-0650E1B119B2}"
EndProject
Project("{FAE04EC0-301F-11D3-BF4B-00C04F79EFBC}") = "ProductReview.Data", "ProductReview.Data\ProductReview.Data.csproj", "{2CE07D74-3A4B-4FCC-B8FB-49905A1A10F1}"
EndProject
Project("{FAE04EC0-301F-11D3-BF4B-00C04F79EFBC}") = "ProductReview.Domain", "ProductReview.Domain\ProductReview.Domain.csproj", "{9AF14D2C-A844-4395-8EF5-4BC6CE2B5768}"
EndProject
Project("{FAE04EC0-301F-11D3-BF4B-00C04F79EFBC}") = "ProductReview.IoC", "ProductReview.IoC\ProductReview.IoC.csproj", "{7E23A12C-B229-4BA6-9ADE-8CC310C7CB83}"
EndProject
Project("{FAE04EC0-301F-11D3-BF4B-00C04F79EFBC}") = "ProductReview.Mvc", "ProductReview.Mvc\ProductReview.Mvc.csproj", "{EFB74874-1A90-46AB-89B6-998AC0E0F3F8}"
EndProject
Global
	GlobalSection(SolutionConfigurationPlatforms) = preSolution
		Debug|Any CPU = Debug|Any CPU
		Release|Any CPU = Release|Any CPU
	EndGlobalSection
	GlobalSection(ProjectConfigurationPlatforms) = postSolution
		{0F4EF6CA-9470-4226-9721-0650E1B119B2}.Debug|Any CPU.ActiveCfg = Debug|Any CPU
		{0F4EF6CA-9470-4226-9721-0650E1B119B2}.Debug|Any CPU.Build.0 = Debug|Any CPU
		{0F4EF6CA-9470-4226-9721-0650E1B119B2}.Release|Any CPU.ActiveCfg = Release|Any CPU
		{0F4EF6CA-9470-4226-9721-0650E1B119B2}.Release|Any CPU.Build.0 = Release|Any CPU
		{2CE07D74-3A4B-4FCC-B8FB-49905A1A10F1}.Debug|Any CPU.ActiveCfg = Debug|Any CPU
		{2CE07D74-3A4B-4FCC-B8FB-49905A1A10F1}.Debug|Any CPU.Build.0 = Debug|Any CPU
		{2CE07D74-3A4B-4FCC-B8FB-49905A1A10F1}.Release|Any CPU.ActiveCfg = Release|Any CPU
		{2CE07D74-3A4B-4FCC-B8FB-49905A1A10F1}.Release|Any CPU.Build.0 = Release|Any CPU
		{9AF14D2C-A844-4395-8EF5-4BC6CE2B5768}.Debug|Any CPU.ActiveCfg = Debug|Any CPU
		{9AF14D2C-A844-4395-8EF5-4BC6CE2B5768}.Debug|Any CPU.Build.0 = Debug|Any CPU
		{9AF14D2C-A844-4395-8EF5-4BC6CE2B5768}.Release|Any CPU.ActiveCfg = Release|Any CPU
		{9AF14D2C-A844-4395-8EF5-4BC6CE2B5768}.Release|Any CPU.Build.0 = Release|Any CPU
		{7E23A12C-B229-4BA6-9ADE-8CC310C7CB83}.Debug|Any CPU.ActiveCfg = Debug|Any CPU
		{7E23A12C-B229-4BA6-9ADE-8CC310C7CB83}.Debug|Any CPU.Build.0 = Debug|Any CPU
		{7E23A12C-B229-4BA6-9ADE-8CC310C7CB83}.Release|Any CPU.ActiveCfg = Release|Any CPU
		{7E23A12C-B229-4BA6-9ADE-8CC310C7CB83}.Release|Any CPU.Build.0 = Release|Any CPU
		{EFB74874-1A90-46AB-89B6-998AC0E0F3F8}.Debug|Any CPU.ActiveCfg = Debug|Any CPU
		{EFB74874-1A90-46AB-89B6-998AC0E0F3F8}.Debug|Any CPU.Build.0 = Debug|Any CPU
		{EFB74874-1A90-46AB-89B6-998AC0E0F3F8}.Release|Any CPU.ActiveCfg = Release|Any CPU
		{EFB74874-1A90-46AB-89B6-998AC0E0F3F8}.Release|Any CPU.Build.0 = Release|Any CPU
	EndGlobalSection
	GlobalSection(SolutionProperties) = preSolution
		HideSolutionNode = FALSE
	EndGlobalSection
	GlobalSection(NestedProjects) = preSolution
		{0F4EF6CA-9470-4226-9721-0650E1B119B2} = {48E018EC-0FC6-439B-A23A-8474797A96D8}
		{2CE07D74-3A4B-4FCC-B8FB-49905A1A10F1} = {A540FAE2-C3D2-427A-8856-F43C960E9807}
		{9AF14D2C-A844-4395-8EF5-4BC6CE2B5768} = {24B087B3-D972-4AEB-90FB-AB8D3C681734}
		{7E23A12C-B229-4BA6-9ADE-8CC310C7CB83} = {648413F2-2449-4AA2-856B-DE3D47E57401}
		{EFB74874-1A90-46AB-89B6-998AC0E0F3F8} = {CFAA758A-1F2E-41D9-88FC-1A0396A5D76D}
	EndGlobalSection
	GlobalSection(ExtensibilityGlobals) = postSolution
		SolutionGuid = {5431F750-26D2-4ABD-85ED-F2A9E2AA55EA}
	EndGlobalSection
EndGlobal
